
Microsoft Visual Studio Solution File, Format Version 12.00
# Visual Studio Version 17
VisualStudioVersion = 17.3.32901.215
MinimumVisualStudioVersion = 10.0.40219.1
Project("{FAE04EC0-301F-11D3-BF4B-00C04F79EFBC}") = "Api", "Api\Api.csproj", "{1BB94C8B-3E4C-4AAE-91C8-8D107AC70EDA}"
EndProject
Global
	GlobalSection(SolutionConfigurationPlatforms) = preSolution
		Debug|Any CPU = Debug|Any CPU
		Release|Any CPU = Release|Any CPU
	EndGlobalSection
	GlobalSection(ProjectConfigurationPlatforms) = postSolution
		{1BB94C8B-3E4C-4AAE-91C8-8D107AC70EDA}.Debug|Any CPU.ActiveCfg = Debug|Any CPU
		{1BB94C8B-3E4C-4AAE-91C8-8D107AC70EDA}.Debug|Any CPU.Build.0 = Debug|Any CPU
		{1BB94C8B-3E4C-4AAE-91C8-8D107AC70EDA}.Release|Any CPU.ActiveCfg = Release|Any CPU
		{1BB94C8B-3E4C-4AAE-91C8-8D107AC70EDA}.Release|Any CPU.Build.0 = Release|Any CPU
	EndGlobalSection
	GlobalSection(SolutionProperties) = preSolution
		HideSolutionNode = FALSE
	EndGlobalSection
	GlobalSection(ExtensibilityGlobals) = postSolution
		SolutionGuid = {A1CC2E56-A23A-47A2-A657-AB4A66044171}
	EndGlobalSection
EndGlobal
